// !$*UTF8*$!
{
	archiveVersion = 1;
	classes = {
	};
	objectVersion = 55;
	objects = {

/* Begin PBXBuildFile section */
		C62F19A6287455CD007A773C /* AppDelegate.swift in Sources */ = {isa = PBXBuildFile; fileRef = C62F19A5287455CD007A773C /* AppDelegate.swift */; };
		C62F19A8287455CD007A773C /* SceneDelegate.swift in Sources */ = {isa = PBXBuildFile; fileRef = C62F19A7287455CD007A773C /* SceneDelegate.swift */; };
		C62F19AD287455CE007A773C /* Main.storyboard in Resources */ = {isa = PBXBuildFile; fileRef = C62F19AB287455CD007A773C /* Main.storyboard */; };
		C62F19AF287455D2007A773C /* Assets.xcassets in Resources */ = {isa = PBXBuildFile; fileRef = C62F19AE287455D2007A773C /* Assets.xcassets */; };
		C62F19B2287455D2007A773C /* LaunchScreen.storyboard in Resources */ = {isa = PBXBuildFile; fileRef = C62F19B0287455D2007A773C /* LaunchScreen.storyboard */; };
		C62F19BA287458C1007A773C /* FeedViewController.swift in Sources */ = {isa = PBXBuildFile; fileRef = C62F19B9287458C1007A773C /* FeedViewController.swift */; };
		C62F19BD287459A4007A773C /* Extension.swift in Sources */ = {isa = PBXBuildFile; fileRef = C62F19BC287459A4007A773C /* Extension.swift */; };
		C66151CB2875CB4A000B45E5 /* FeedImageCell.swift in Sources */ = {isa = PBXBuildFile; fileRef = C66151CA2875CB4A000B45E5 /* FeedImageCell.swift */; };
		C661BD792874F66C0009F34F /* FeedImageViewModel+PrototypeData.swift in Sources */ = {isa = PBXBuildFile; fileRef = C661BD782874F66C0009F34F /* FeedImageViewModel+PrototypeData.swift */; };
/* End PBXBuildFile section */

/* Begin PBXFileReference section */
		C62F19A2287455CD007A773C /* PrototypeCode.app */ = {isa = PBXFileReference; explicitFileType = wrapper.application; includeInIndex = 0; path = PrototypeCode.app; sourceTree = BUILT_PRODUCTS_DIR; };
		C62F19A5287455CD007A773C /* AppDelegate.swift */ = {isa = PBXFileReference; lastKnownFileType = sourcecode.swift; path = AppDelegate.swift; sourceTree = "<group>"; };
		C62F19A7287455CD007A773C /* SceneDelegate.swift */ = {isa = PBXFileReference; lastKnownFileType = sourcecode.swift; path = SceneDelegate.swift; sourceTree = "<group>"; };
		C62F19AC287455CE007A773C /* Base */ = {isa = PBXFileReference; lastKnownFileType = file.storyboard; name = Base; path = Base.lproj/Main.storyboard; sourceTree = "<group>"; };
		C62F19AE287455D2007A773C /* Assets.xcassets */ = {isa = PBXFileReference; lastKnownFileType = folder.assetcatalog; path = Assets.xcassets; sourceTree = "<group>"; };
		C62F19B1287455D2007A773C /* Base */ = {isa = PBXFileReference; lastKnownFileType = file.storyboard; name = Base; path = Base.lproj/LaunchScreen.storyboard; sourceTree = "<group>"; };
		C62F19B3287455D2007A773C /* Info.plist */ = {isa = PBXFileReference; lastKnownFileType = text.plist.xml; path = Info.plist; sourceTree = "<group>"; };
		C62F19B9287458C1007A773C /* FeedViewController.swift */ = {isa = PBXFileReference; lastKnownFileType = sourcecode.swift; path = FeedViewController.swift; sourceTree = "<group>"; };
		C62F19BC287459A4007A773C /* Extension.swift */ = {isa = PBXFileReference; lastKnownFileType = sourcecode.swift; path = Extension.swift; sourceTree = "<group>"; };
		C66151CA2875CB4A000B45E5 /* FeedImageCell.swift */ = {isa = PBXFileReference; lastKnownFileType = sourcecode.swift; path = FeedImageCell.swift; sourceTree = "<group>"; };
		C661BD782874F66C0009F34F /* FeedImageViewModel+PrototypeData.swift */ = {isa = PBXFileReference; lastKnownFileType = sourcecode.swift; path = "FeedImageViewModel+PrototypeData.swift"; sourceTree = "<group>"; };
/* End PBXFileReference section */

/* Begin PBXFrameworksBuildPhase section */
		C62F199F287455CD007A773C /* Frameworks */ = {
			isa = PBXFrameworksBuildPhase;
			buildActionMask = 2147483647;
			files = (
			);
			runOnlyForDeploymentPostprocessing = 0;
		};
/* End PBXFrameworksBuildPhase section */

/* Begin PBXGroup section */
		C62F1999287455CD007A773C = {
			isa = PBXGroup;
			children = (
				C62F19A4287455CD007A773C /* PrototypeCode */,
				C62F19A3287455CD007A773C /* Products */,
			);
			sourceTree = "<group>";
		};
		C62F19A3287455CD007A773C /* Products */ = {
			isa = PBXGroup;
			children = (
				C62F19A2287455CD007A773C /* PrototypeCode.app */,
			);
			name = Products;
			sourceTree = "<group>";
		};
		C62F19A4287455CD007A773C /* PrototypeCode */ = {
			isa = PBXGroup;
			children = (
				C62F19BB2874598E007A773C /* Util */,
				C62F19A5287455CD007A773C /* AppDelegate.swift */,
				C62F19A7287455CD007A773C /* SceneDelegate.swift */,
				C62F19AB287455CD007A773C /* Main.storyboard */,
				C62F19AE287455D2007A773C /* Assets.xcassets */,
				C62F19B0287455D2007A773C /* LaunchScreen.storyboard */,
				C62F19B3287455D2007A773C /* Info.plist */,
				C62F19B9287458C1007A773C /* FeedViewController.swift */,
				C661BD782874F66C0009F34F /* FeedImageViewModel+PrototypeData.swift */,
				C66151CA2875CB4A000B45E5 /* FeedImageCell.swift */,
			);
			path = PrototypeCode;
			sourceTree = "<group>";
		};
		C62F19BB2874598E007A773C /* Util */ = {
			isa = PBXGroup;
			children = (
				C62F19BC287459A4007A773C /* Extension.swift */,
			);
			path = Util;
			sourceTree = "<group>";
		};
/* End PBXGroup section */

/* Begin PBXNativeTarget section */
		C62F19A1287455CD007A773C /* PrototypeCode */ = {
			isa = PBXNativeTarget;
			buildConfigurationList = C62F19B6287455D2007A773C /* Build configuration list for PBXNativeTarget "PrototypeCode" */;
			buildPhases = (
				C62F199E287455CD007A773C /* Sources */,
				C62F199F287455CD007A773C /* Frameworks */,
				C62F19A0287455CD007A773C /* Resources */,
			);
			buildRules = (
			);
			dependencies = (
			);
			name = PrototypeCode;
			productName = PrototypeCode;
			productReference = C62F19A2287455CD007A773C /* PrototypeCode.app */;
			productType = "com.apple.product-type.application";
		};
/* End PBXNativeTarget section */

/* Begin PBXProject section */
		C62F199A287455CD007A773C /* Project object */ = {
			isa = PBXProject;
			attributes = {
				BuildIndependentTargetsInParallel = 1;
				LastSwiftUpdateCheck = 1320;
				LastUpgradeCheck = 1320;
				TargetAttributes = {
					C62F19A1287455CD007A773C = {
						CreatedOnToolsVersion = 13.2.1;
					};
				};
			};
			buildConfigurationList = C62F199D287455CD007A773C /* Build configuration list for PBXProject "PrototypeCode" */;
			compatibilityVersion = "Xcode 13.0";
			developmentRegion = en;
			hasScannedForEncodings = 0;
			knownRegions = (
				en,
				Base,
			);
			mainGroup = C62F1999287455CD007A773C;
			productRefGroup = C62F19A3287455CD007A773C /* Products */;
			projectDirPath = "";
			projectRoot = "";
			targets = (
				C62F19A1287455CD007A773C /* PrototypeCode */,
			);
		};
/* End PBXProject section */

/* Begin PBXResourcesBuildPhase section */
		C62F19A0287455CD007A773C /* Resources */ = {
			isa = PBXResourcesBuildPhase;
			buildActionMask = 2147483647;
			files = (
				C62F19B2287455D2007A773C /* LaunchScreen.storyboard in Resources */,
				C62F19AF287455D2007A773C /* Assets.xcassets in Resources */,
				C62F19AD287455CE007A773C /* Main.storyboard in Resources */,
			);
			runOnlyForDeploymentPostprocessing = 0;
		};
/* End PBXResourcesBuildPhase section */

/* Begin PBXSourcesBuildPhase section */
		C62F199E287455CD007A773C /* Sources */ = {
			isa = PBXSourcesBuildPhase;
			buildActionMask = 2147483647;
			files = (
				C661BD792874F66C0009F34F /* FeedImageViewModel+PrototypeData.swift in Sources */,
				C66151CB2875CB4A000B45E5 /* FeedImageCell.swift in Sources */,
				C62F19A6287455CD007A773C /* AppDelegate.swift in Sources */,
				C62F19BA287458C1007A773C /* FeedViewController.swift in Sources */,
				C62F19A8287455CD007A773C /* SceneDelegate.swift in Sources */,
				C62F19BD287459A4007A773C /* Extension.swift in Sources */,
			);
			runOnlyForDeploymentPostprocessing = 0;
		};
/* End PBXSourcesBuildPhase section */

/* Begin PBXVariantGroup section */
		C62F19AB287455CD007A773C /* Main.storyboard */ = {
			isa = PBXVariantGroup;
			children = (
				C62F19AC287455CE007A773C /* Base */,
			);
			name = Main.storyboard;
			sourceTree = "<group>";
		};
		C62F19B0287455D2007A773C /* LaunchScreen.storyboard */ = {
			isa = PBXVariantGroup;
			children = (
				C62F19B1287455D2007A773C /* Base */,
			);
			name = LaunchScreen.storyboard;
			sourceTree = "<group>";
		};
/* End PBXVariantGroup section */

/* Begin XCBuildConfiguration section */
		C62F19B4287455D2007A773C /* Debug */ = {
			isa = XCBuildConfiguration;
			buildSettings = {
				ALWAYS_SEARCH_USER_PATHS = NO;
				CLANG_ANALYZER_NONNULL = YES;
				CLANG_ANALYZER_NUMBER_OBJECT_CONVERSION = YES_AGGRESSIVE;
				CLANG_CXX_LANGUAGE_STANDARD = "gnu++17";
				CLANG_CXX_LIBRARY = "libc++";
				CLANG_ENABLE_MODULES = YES;
				CLANG_ENABLE_OBJC_ARC = YES;
				CLANG_ENABLE_OBJC_WEAK = YES;
				CLANG_WARN_BLOCK_CAPTURE_AUTORELEASING = YES;
				CLANG_WARN_BOOL_CONVERSION = YES;
				CLANG_WARN_COMMA = YES;
				CLANG_WARN_CONSTANT_CONVERSION = YES;
				CLANG_WARN_DEPRECATED_OBJC_IMPLEMENTATIONS = YES;
				CLANG_WARN_DIRECT_OBJC_ISA_USAGE = YES_ERROR;
				CLANG_WARN_DOCUMENTATION_COMMENTS = YES;
				CLANG_WARN_EMPTY_BODY = YES;
				CLANG_WARN_ENUM_CONVERSION = YES;
				CLANG_WARN_INFINITE_RECURSION = YES;
				CLANG_WARN_INT_CONVERSION = YES;
				CLANG_WARN_NON_LITERAL_NULL_CONVERSION = YES;
				CLANG_WARN_OBJC_IMPLICIT_RETAIN_SELF = YES;
				CLANG_WARN_OBJC_LITERAL_CONVERSION = YES;
				CLANG_WARN_OBJC_ROOT_CLASS = YES_ERROR;
				CLANG_WARN_QUOTED_INCLUDE_IN_FRAMEWORK_HEADER = YES;
				CLANG_WARN_RANGE_LOOP_ANALYSIS = YES;
				CLANG_WARN_STRICT_PROTOTYPES = YES;
				CLANG_WARN_SUSPICIOUS_MOVE = YES;
				CLANG_WARN_UNGUARDED_AVAILABILITY = YES_AGGRESSIVE;
				CLANG_WARN_UNREACHABLE_CODE = YES;
				CLANG_WARN__DUPLICATE_METHOD_MATCH = YES;
				COPY_PHASE_STRIP = NO;
				DEBUG_INFORMATION_FORMAT = dwarf;
				ENABLE_STRICT_OBJC_MSGSEND = YES;
				ENABLE_TESTABILITY = YES;
				GCC_C_LANGUAGE_STANDARD = gnu11;
				GCC_DYNAMIC_NO_PIC = NO;
				GCC_NO_COMMON_BLOCKS = YES;
				GCC_OPTIMIZATION_LEVEL = 0;
				GCC_PREPROCESSOR_DEFINITIONS = (
					"DEBUG=1",
					"$(inherited)",
				);
				GCC_WARN_64_TO_32_BIT_CONVERSION = YES;
				GCC_WARN_ABOUT_RETURN_TYPE = YES_ERROR;
				GCC_WARN_UNDECLARED_SELECTOR = YES;
				GCC_WARN_UNINITIALIZED_AUTOS = YES_AGGRESSIVE;
				GCC_WARN_UNUSED_FUNCTION = YES;
				GCC_WARN_UNUSED_VARIABLE = YES;
				IPHONEOS_DEPLOYMENT_TARGET = 15.2;
				MTL_ENABLE_DEBUG_INFO = INCLUDE_SOURCE;
				MTL_FAST_MATH = YES;
				ONLY_ACTIVE_ARCH = YES;
				SDKROOT = iphoneos;
				SWIFT_ACTIVE_COMPILATION_CONDITIONS = DEBUG;
				SWIFT_OPTIMIZATION_LEVEL = "-Onone";
			};
			name = Debug;
		};
		C62F19B5287455D2007A773C /* Release */ = {
			isa = XCBuildConfiguration;
			buildSettings = {
				ALWAYS_SEARCH_USER_PATHS = NO;
				CLANG_ANALYZER_NONNULL = YES;
				CLANG_ANALYZER_NUMBER_OBJECT_CONVERSION = YES_AGGRESSIVE;
				CLANG_CXX_LANGUAGE_STANDARD = "gnu++17";
				CLANG_CXX_LIBRARY = "libc++";
				CLANG_ENABLE_MODULES = YES;
				CLANG_ENABLE_OBJC_ARC = YES;
				CLANG_ENABLE_OBJC_WEAK = YES;
				CLANG_WARN_BLOCK_CAPTURE_AUTORELEASING = YES;
				CLANG_WARN_BOOL_CONVERSION = YES;
				CLANG_WARN_COMMA = YES;
				CLANG_WARN_CONSTANT_CONVERSION = YES;
				CLANG_WARN_DEPRECATED_OBJC_IMPLEMENTATIONS = YES;
				CLANG_WARN_DIRECT_OBJC_ISA_USAGE = YES_ERROR;
				CLANG_WARN_DOCUMENTATION_COMMENTS = YES;
				CLANG_WARN_EMPTY_BODY = YES;
				CLANG_WARN_ENUM_CONVERSION = YES;
				CLANG_WARN_INFINITE_RECURSION = YES;
				CLANG_WARN_INT_CONVERSION = YES;
				CLANG_WARN_NON_LITERAL_NULL_CONVERSION = YES;
				CLANG_WARN_OBJC_IMPLICIT_RETAIN_SELF = YES;
				CLANG_WARN_OBJC_LITERAL_CONVERSION = YES;
				CLANG_WARN_OBJC_ROOT_CLASS = YES_ERROR;
				CLANG_WARN_QUOTED_INCLUDE_IN_FRAMEWORK_HEADER = YES;
				CLANG_WARN_RANGE_LOOP_ANALYSIS = YES;
				CLANG_WARN_STRICT_PROTOTYPES = YES;
				CLANG_WARN_SUSPICIOUS_MOVE = YES;
				CLANG_WARN_UNGUARDED_AVAILABILITY = YES_AGGRESSIVE;
				CLANG_WARN_UNREACHABLE_CODE = YES;
				CLANG_WARN__DUPLICATE_METHOD_MATCH = YES;
				COPY_PHASE_STRIP = NO;
				DEBUG_INFORMATION_FORMAT = "dwarf-with-dsym";
				ENABLE_NS_ASSERTIONS = NO;
				ENABLE_STRICT_OBJC_MSGSEND = YES;
				GCC_C_LANGUAGE_STANDARD = gnu11;
				GCC_NO_COMMON_BLOCKS = YES;
				GCC_WARN_64_TO_32_BIT_CONVERSION = YES;
				GCC_WARN_ABOUT_RETURN_TYPE = YES_ERROR;
				GCC_WARN_UNDECLARED_SELECTOR = YES;
				GCC_WARN_UNINITIALIZED_AUTOS = YES_AGGRESSIVE;
				GCC_WARN_UNUSED_FUNCTION = YES;
				GCC_WARN_UNUSED_VARIABLE = YES;
				IPHONEOS_DEPLOYMENT_TARGET = 15.2;
				MTL_ENABLE_DEBUG_INFO = NO;
				MTL_FAST_MATH = YES;
				SDKROOT = iphoneos;
				SWIFT_COMPILATION_MODE = wholemodule;
				SWIFT_OPTIMIZATION_LEVEL = "-O";
				VALIDATE_PRODUCT = YES;
			};
			name = Release;
		};
		C62F19B7287455D2007A773C /* Debug */ = {
			isa = XCBuildConfiguration;
			buildSettings = {
				ASSETCATALOG_COMPILER_APPICON_NAME = AppIcon;
				ASSETCATALOG_COMPILER_GLOBAL_ACCENT_COLOR_NAME = AccentColor;
				CODE_SIGN_STYLE = Automatic;
				CURRENT_PROJECT_VERSION = 1;
				DEVELOPMENT_TEAM = DR7JKZZ273;
				GENERATE_INFOPLIST_FILE = YES;
				INFOPLIST_FILE = PrototypeCode/Info.plist;
				INFOPLIST_KEY_UIApplicationSupportsIndirectInputEvents = YES;
				INFOPLIST_KEY_UILaunchStoryboardName = LaunchScreen;
				INFOPLIST_KEY_UISupportedInterfaceOrientations = UIInterfaceOrientationPortrait;
				INFOPLIST_KEY_UISupportedInterfaceOrientations_iPad = "UIInterfaceOrientationPortrait UIInterfaceOrientationPortraitUpsideDown UIInterfaceOrientationLandscapeLeft UIInterfaceOrientationLandscapeRight";
				INFOPLIST_KEY_UISupportedInterfaceOrientations_iPhone = "UIInterfaceOrientationPortrait UIInterfaceOrientationLandscapeLeft UIInterfaceOrientationLandscapeRight";
				LD_RUNPATH_SEARCH_PATHS = (
					"$(inherited)",
					"@executable_path/Frameworks",
				);
				MARKETING_VERSION = 1.0;
				PRODUCT_BUNDLE_IDENTIFIER = gtsofa.com.EssentialFeed.PrototypeCode;
				PRODUCT_NAME = "$(TARGET_NAME)";
				SWIFT_EMIT_LOC_STRINGS = YES;
				SWIFT_VERSION = 5.0;
				TARGETED_DEVICE_FAMILY = "1,2";
			};
			name = Debug;
		};
		C62F19B8287455D2007A773C /* Release */ = {
			isa = XCBuildConfiguration;
			buildSettings = {
				ASSETCATALOG_COMPILER_APPICON_NAME = AppIcon;
				ASSETCATALOG_COMPILER_GLOBAL_ACCENT_COLOR_NAME = AccentColor;
				CODE_SIGN_STYLE = Automatic;
				CURRENT_PROJECT_VERSION = 1;
				DEVELOPMENT_TEAM = DR7JKZZ273;
				GENERATE_INFOPLIST_FILE = YES;
				INFOPLIST_FILE = PrototypeCode/Info.plist;
				INFOPLIST_KEY_UIApplicationSupportsIndirectInputEvents = YES;
				INFOPLIST_KEY_UILaunchStoryboardName = LaunchScreen;
				INFOPLIST_KEY_UISupportedInterfaceOrientations = UIInterfaceOrientationPortrait;
				INFOPLIST_KEY_UISupportedInterfaceOrientations_iPad = "UIInterfaceOrientationPortrait UIInterfaceOrientationPortraitUpsideDown UIInterfaceOrientationLandscapeLeft UIInterfaceOrientationLandscapeRight";
				INFOPLIST_KEY_UISupportedInterfaceOrientations_iPhone = "UIInterfaceOrientationPortrait UIInterfaceOrientationLandscapeLeft UIInterfaceOrientationLandscapeRight";
				LD_RUNPATH_SEARCH_PATHS = (
					"$(inherited)",
					"@executable_path/Frameworks",
				);
				MARKETING_VERSION = 1.0;
				PRODUCT_BUNDLE_IDENTIFIER = gtsofa.com.EssentialFeed.PrototypeCode;
				PRODUCT_NAME = "$(TARGET_NAME)";
				SWIFT_EMIT_LOC_STRINGS = YES;
				SWIFT_VERSION = 5.0;
				TARGETED_DEVICE_FAMILY = "1,2";
			};
			name = Release;
		};
/* End XCBuildConfiguration section */

/* Begin XCConfigurationList section */
		C62F199D287455CD007A773C /* Build configuration list for PBXProject "PrototypeCode" */ = {
			isa = XCConfigurationList;
			buildConfigurations = (
				C62F19B4287455D2007A773C /* Debug */,
				C62F19B5287455D2007A773C /* Release */,
			);
			defaultConfigurationIsVisible = 0;
			defaultConfigurationName = Release;
		};
		C62F19B6287455D2007A773C /* Build configuration list for PBXNativeTarget "PrototypeCode" */ = {
			isa = XCConfigurationList;
			buildConfigurations = (
				C62F19B7287455D2007A773C /* Debug */,
				C62F19B8287455D2007A773C /* Release */,
			);
			defaultConfigurationIsVisible = 0;
			defaultConfigurationName = Release;
		};
/* End XCConfigurationList section */
	};
	rootObject = C62F199A287455CD007A773C /* Project object */;
}
